// !$*UTF8*$!
{
	archiveVersion = 1;
	classes = {
	};
	objectVersion = 46;
	objects = {

/* Begin PBXBuildFile section */
		6F0898D71A9A58F000A5D620 /* main.m in Sources */ = {isa = PBXBuildFile; fileRef = 6F0898D61A9A58F000A5D620 /* main.m */; };
		6F0898DA1A9A58F000A5D620 /* AppDelegate.m in Sources */ = {isa = PBXBuildFile; fileRef = 6F0898D91A9A58F000A5D620 /* AppDelegate.m */; };
		6F0898DD1A9A58F000A5D620 /* ViewController.m in Sources */ = {isa = PBXBuildFile; fileRef = 6F0898DC1A9A58F000A5D620 /* ViewController.m */; };
		6F0898E01A9A58F000A5D620 /* Main.storyboard in Resources */ = {isa = PBXBuildFile; fileRef = 6F0898DE1A9A58F000A5D620 /* Main.storyboard */; };
		6F0898E21A9A58F000A5D620 /* Images.xcassets in Resources */ = {isa = PBXBuildFile; fileRef = 6F0898E11A9A58F000A5D620 /* Images.xcassets */; };
		6F0898E51A9A58F000A5D620 /* LaunchScreen.xib in Resources */ = {isa = PBXBuildFile; fileRef = 6F0898E31A9A58F000A5D620 /* LaunchScreen.xib */; };
		6F0898F11A9A58F000A5D620 /* StackOverflowIOSAppTests.m in Sources */ = {isa = PBXBuildFile; fileRef = 6F0898F01A9A58F000A5D620 /* StackOverflowIOSAppTests.m */; };
		6F0898FB1A9A63C900A5D620 /* objc.png in Resources */ = {isa = PBXBuildFile; fileRef = 6F0898FA1A9A63C900A5D620 /* objc.png */; };
		6F0898FD1A9A63FA00A5D620 /* uikit.png in Resources */ = {isa = PBXBuildFile; fileRef = 6F0898FC1A9A63FA00A5D620 /* uikit.png */; };
		6F0898FF1A9A641C00A5D620 /* xcode.png in Resources */ = {isa = PBXBuildFile; fileRef = 6F0898FE1A9A641C00A5D620 /* xcode.png */; };
		6F0899031A9A65BF00A5D620 /* iphone-sim-icon.png in Resources */ = {isa = PBXBuildFile; fileRef = 6F0899021A9A65BF00A5D620 /* iphone-sim-icon.png */; };
		6F0899071A9A66B000A5D620 /* coredata.png in Resources */ = {isa = PBXBuildFile; fileRef = 6F0899061A9A66B000A5D620 /* coredata.png */; };
		6F0899091A9ABC5900A5D620 /* user.png in Resources */ = {isa = PBXBuildFile; fileRef = 6F0899081A9ABC5900A5D620 /* user.png */; };
/* End PBXBuildFile section */

/* Begin PBXContainerItemProxy section */
		6F0898EB1A9A58F000A5D620 /* PBXContainerItemProxy */ = {
			isa = PBXContainerItemProxy;
			containerPortal = 6F0898C91A9A58F000A5D620 /* Project object */;
			proxyType = 1;
			remoteGlobalIDString = 6F0898D01A9A58F000A5D620;
			remoteInfo = StackOverflowIOSApp;
		};
/* End PBXContainerItemProxy section */

/* Begin PBXFileReference section */
		6F0898D11A9A58F000A5D620 /* StackOverflowIOSApp.app */ = {isa = PBXFileReference; explicitFileType = wrapper.application; includeInIndex = 0; path = StackOverflowIOSApp.app; sourceTree = BUILT_PRODUCTS_DIR; };
		6F0898D51A9A58F000A5D620 /* Info.plist */ = {isa = PBXFileReference; lastKnownFileType = text.plist.xml; path = Info.plist; sourceTree = "<group>"; };
		6F0898D61A9A58F000A5D620 /* main.m */ = {isa = PBXFileReference; lastKnownFileType = sourcecode.c.objc; path = main.m; sourceTree = "<group>"; };
		6F0898D81A9A58F000A5D620 /* AppDelegate.h */ = {isa = PBXFileReference; lastKnownFileType = sourcecode.c.h; path = AppDelegate.h; sourceTree = "<group>"; };
		6F0898D91A9A58F000A5D620 /* AppDelegate.m */ = {isa = PBXFileReference; lastKnownFileType = sourcecode.c.objc; path = AppDelegate.m; sourceTree = "<group>"; };
		6F0898DB1A9A58F000A5D620 /* ViewController.h */ = {isa = PBXFileReference; lastKnownFileType = sourcecode.c.h; path = ViewController.h; sourceTree = "<group>"; };
		6F0898DC1A9A58F000A5D620 /* ViewController.m */ = {isa = PBXFileReference; lastKnownFileType = sourcecode.c.objc; path = ViewController.m; sourceTree = "<group>"; };
		6F0898DF1A9A58F000A5D620 /* Base */ = {isa = PBXFileReference; lastKnownFileType = file.storyboard; name = Base; path = Base.lproj/Main.storyboard; sourceTree = "<group>"; };
		6F0898E11A9A58F000A5D620 /* Images.xcassets */ = {isa = PBXFileReference; lastKnownFileType = folder.assetcatalog; path = Images.xcassets; sourceTree = "<group>"; };
		6F0898E41A9A58F000A5D620 /* Base */ = {isa = PBXFileReference; lastKnownFileType = file.xib; name = Base; path = Base.lproj/LaunchScreen.xib; sourceTree = "<group>"; };
		6F0898EA1A9A58F000A5D620 /* StackOverflowIOSAppTests.xctest */ = {isa = PBXFileReference; explicitFileType = wrapper.cfbundle; includeInIndex = 0; path = StackOverflowIOSAppTests.xctest; sourceTree = BUILT_PRODUCTS_DIR; };
		6F0898EF1A9A58F000A5D620 /* Info.plist */ = {isa = PBXFileReference; lastKnownFileType = text.plist.xml; path = Info.plist; sourceTree = "<group>"; };
		6F0898F01A9A58F000A5D620 /* StackOverflowIOSAppTests.m */ = {isa = PBXFileReference; lastKnownFileType = sourcecode.c.objc; path = StackOverflowIOSAppTests.m; sourceTree = "<group>"; };
		6F0898FA1A9A63C900A5D620 /* objc.png */ = {isa = PBXFileReference; lastKnownFileType = image.png; path = objc.png; sourceTree = "<group>"; };
		6F0898FC1A9A63FA00A5D620 /* uikit.png */ = {isa = PBXFileReference; lastKnownFileType = image.png; path = uikit.png; sourceTree = "<group>"; };
		6F0898FE1A9A641C00A5D620 /* xcode.png */ = {isa = PBXFileReference; lastKnownFileType = image.png; path = xcode.png; sourceTree = "<group>"; };
		6F0899021A9A65BF00A5D620 /* iphone-sim-icon.png */ = {isa = PBXFileReference; lastKnownFileType = image.png; path = "iphone-sim-icon.png"; sourceTree = "<group>"; };
		6F0899061A9A66B000A5D620 /* coredata.png */ = {isa = PBXFileReference; lastKnownFileType = image.png; name = coredata.png; path = StackOverflowIOSApp/coredata.png; sourceTree = "<group>"; };
		6F0899081A9ABC5900A5D620 /* user.png */ = {isa = PBXFileReference; lastKnownFileType = image.png; path = user.png; sourceTree = "<group>"; };
/* End PBXFileReference section */

/* Begin PBXFrameworksBuildPhase section */
		6F0898CE1A9A58F000A5D620 /* Frameworks */ = {
			isa = PBXFrameworksBuildPhase;
			buildActionMask = 2147483647;
			files = (
			);
			runOnlyForDeploymentPostprocessing = 0;
		};
		6F0898E71A9A58F000A5D620 /* Frameworks */ = {
			isa = PBXFrameworksBuildPhase;
			buildActionMask = 2147483647;
			files = (
			);
			runOnlyForDeploymentPostprocessing = 0;
		};
/* End PBXFrameworksBuildPhase section */

/* Begin PBXGroup section */
		6F0898C81A9A58F000A5D620 = {
			isa = PBXGroup;
			children = (
				6F0899061A9A66B000A5D620 /* coredata.png */,
				6F0898D31A9A58F000A5D620 /* StackOverflowIOSApp */,
				6F0898ED1A9A58F000A5D620 /* StackOverflowIOSAppTests */,
				6F0898D21A9A58F000A5D620 /* Products */,
			);
			sourceTree = "<group>";
		};
		6F0898D21A9A58F000A5D620 /* Products */ = {
			isa = PBXGroup;
			children = (
				6F0898D11A9A58F000A5D620 /* StackOverflowIOSApp.app */,
				6F0898EA1A9A58F000A5D620 /* StackOverflowIOSAppTests.xctest */,
			);
			name = Products;
			sourceTree = "<group>";
		};
		6F0898D31A9A58F000A5D620 /* StackOverflowIOSApp */ = {
			isa = PBXGroup;
			children = (
				6F0898FE1A9A641C00A5D620 /* xcode.png */,
				6F0898FC1A9A63FA00A5D620 /* uikit.png */,
				6F0898FA1A9A63C900A5D620 /* objc.png */,
				6F0898D81A9A58F000A5D620 /* AppDelegate.h */,
				6F0898D91A9A58F000A5D620 /* AppDelegate.m */,
				6F0898DB1A9A58F000A5D620 /* ViewController.h */,
				6F0898DC1A9A58F000A5D620 /* ViewController.m */,
				6F0898DE1A9A58F000A5D620 /* Main.storyboard */,
				6F0899081A9ABC5900A5D620 /* user.png */,
				6F0899021A9A65BF00A5D620 /* iphone-sim-icon.png */,
				6F0898E11A9A58F000A5D620 /* Images.xcassets */,
				6F0898E31A9A58F000A5D620 /* LaunchScreen.xib */,
				6F0898D41A9A58F000A5D620 /* Supporting Files */,
			);
			path = StackOverflowIOSApp;
			sourceTree = "<group>";
		};
		6F0898D41A9A58F000A5D620 /* Supporting Files */ = {
			isa = PBXGroup;
			children = (
				6F0898D51A9A58F000A5D620 /* Info.plist */,
				6F0898D61A9A58F000A5D620 /* main.m */,
			);
			name = "Supporting Files";
			sourceTree = "<group>";
		};
		6F0898ED1A9A58F000A5D620 /* StackOverflowIOSAppTests */ = {
			isa = PBXGroup;
			children = (
				6F0898F01A9A58F000A5D620 /* StackOverflowIOSAppTests.m */,
				6F0898EE1A9A58F000A5D620 /* Supporting Files */,
			);
			path = StackOverflowIOSAppTests;
			sourceTree = "<group>";
		};
		6F0898EE1A9A58F000A5D620 /* Supporting Files */ = {
			isa = PBXGroup;
			children = (
				6F0898EF1A9A58F000A5D620 /* Info.plist */,
			);
			name = "Supporting Files";
			sourceTree = "<group>";
		};
/* End PBXGroup section */

/* Begin PBXNativeTarget section */
		6F0898D01A9A58F000A5D620 /* StackOverflowIOSApp */ = {
			isa = PBXNativeTarget;
			buildConfigurationList = 6F0898F41A9A58F000A5D620 /* Build configuration list for PBXNativeTarget "StackOverflowIOSApp" */;
			buildPhases = (
				6F0898CD1A9A58F000A5D620 /* Sources */,
				6F0898CE1A9A58F000A5D620 /* Frameworks */,
				6F0898CF1A9A58F000A5D620 /* Resources */,
			);
			buildRules = (
			);
			dependencies = (
			);
			name = StackOverflowIOSApp;
			productName = StackOverflowIOSApp;
			productReference = 6F0898D11A9A58F000A5D620 /* StackOverflowIOSApp.app */;
			productType = "com.apple.product-type.application";
		};
		6F0898E91A9A58F000A5D620 /* StackOverflowIOSAppTests */ = {
			isa = PBXNativeTarget;
			buildConfigurationList = 6F0898F71A9A58F000A5D620 /* Build configuration list for PBXNativeTarget "StackOverflowIOSAppTests" */;
			buildPhases = (
				6F0898E61A9A58F000A5D620 /* Sources */,
				6F0898E71A9A58F000A5D620 /* Frameworks */,
				6F0898E81A9A58F000A5D620 /* Resources */,
			);
			buildRules = (
			);
			dependencies = (
				6F0898EC1A9A58F000A5D620 /* PBXTargetDependency */,
			);
			name = StackOverflowIOSAppTests;
			productName = StackOverflowIOSAppTests;
			productReference = 6F0898EA1A9A58F000A5D620 /* StackOverflowIOSAppTests.xctest */;
			productType = "com.apple.product-type.bundle.unit-test";
		};
/* End PBXNativeTarget section */

/* Begin PBXProject section */
		6F0898C91A9A58F000A5D620 /* Project object */ = {
			isa = PBXProject;
			attributes = {
				LastUpgradeCheck = 0610;
				ORGANIZATIONNAME = "joao guilherme zeni";
				TargetAttributes = {
					6F0898D01A9A58F000A5D620 = {
						CreatedOnToolsVersion = 6.1.1;
					};
					6F0898E91A9A58F000A5D620 = {
						CreatedOnToolsVersion = 6.1.1;
						TestTargetID = 6F0898D01A9A58F000A5D620;
					};
				};
			};
			buildConfigurationList = 6F0898CC1A9A58F000A5D620 /* Build configuration list for PBXProject "StackOverflowIOSApp" */;
			compatibilityVersion = "Xcode 3.2";
			developmentRegion = English;
			hasScannedForEncodings = 0;
			knownRegions = (
				en,
				Base,
			);
			mainGroup = 6F0898C81A9A58F000A5D620;
			productRefGroup = 6F0898D21A9A58F000A5D620 /* Products */;
			projectDirPath = "";
			projectRoot = "";
			targets = (
				6F0898D01A9A58F000A5D620 /* StackOverflowIOSApp */,
				6F0898E91A9A58F000A5D620 /* StackOverflowIOSAppTests */,
			);
		};
/* End PBXProject section */

/* Begin PBXResourcesBuildPhase section */
		6F0898CF1A9A58F000A5D620 /* Resources */ = {
			isa = PBXResourcesBuildPhase;
			buildActionMask = 2147483647;
			files = (
				6F0899031A9A65BF00A5D620 /* iphone-sim-icon.png in Resources */,
				6F0898E01A9A58F000A5D620 /* Main.storyboard in Resources */,
				6F0899091A9ABC5900A5D620 /* user.png in Resources */,
				6F0899071A9A66B000A5D620 /* coredata.png in Resources */,
				6F0898FD1A9A63FA00A5D620 /* uikit.png in Resources */,
				6F0898FB1A9A63C900A5D620 /* objc.png in Resources */,
				6F0898E51A9A58F000A5D620 /* LaunchScreen.xib in Resources */,
				6F0898E21A9A58F000A5D620 /* Images.xcassets in Resources */,
				6F0898FF1A9A641C00A5D620 /* xcode.png in Resources */,
			);
			runOnlyForDeploymentPostprocessing = 0;
		};
		6F0898E81A9A58F000A5D620 /* Resources */ = {
			isa = PBXResourcesBuildPhase;
			buildActionMask = 2147483647;
			files = (
			);
			runOnlyForDeploymentPostprocessing = 0;
		};
/* End PBXResourcesBuildPhase section */

/* Begin PBXSourcesBuildPhase section */
		6F0898CD1A9A58F000A5D620 /* Sources */ = {
			isa = PBXSourcesBuildPhase;
			buildActionMask = 2147483647;
			files = (
				6F0898DD1A9A58F000A5D620 /* ViewController.m in Sources */,
				6F0898DA1A9A58F000A5D620 /* AppDelegate.m in Sources */,
				6F0898D71A9A58F000A5D620 /* main.m in Sources */,
			);
			runOnlyForDeploymentPostprocessing = 0;
		};
		6F0898E61A9A58F000A5D620 /* Sources */ = {
			isa = PBXSourcesBuildPhase;
			buildActionMask = 2147483647;
			files = (
				6F0898F11A9A58F000A5D620 /* StackOverflowIOSAppTests.m in Sources */,
			);
			runOnlyForDeploymentPostprocessing = 0;
		};
/* End PBXSourcesBuildPhase section */

/* Begin PBXTargetDependency section */
		6F0898EC1A9A58F000A5D620 /* PBXTargetDependency */ = {
			isa = PBXTargetDependency;
			target = 6F0898D01A9A58F000A5D620 /* StackOverflowIOSApp */;
			targetProxy = 6F0898EB1A9A58F000A5D620 /* PBXContainerItemProxy */;
		};
/* End PBXTargetDependency section */

/* Begin PBXVariantGroup section */
		6F0898DE1A9A58F000A5D620 /* Main.storyboard */ = {
			isa = PBXVariantGroup;
			children = (
				6F0898DF1A9A58F000A5D620 /* Base */,
			);
			name = Main.storyboard;
			sourceTree = "<group>";
		};
		6F0898E31A9A58F000A5D620 /* LaunchScreen.xib */ = {
			isa = PBXVariantGroup;
			children = (
				6F0898E41A9A58F000A5D620 /* Base */,
			);
			name = LaunchScreen.xib;
			sourceTree = "<group>";
		};
/* End PBXVariantGroup section */

/* Begin XCBuildConfiguration section */
		6F0898F21A9A58F000A5D620 /* Debug */ = {
			isa = XCBuildConfiguration;
			buildSettings = {
				ALWAYS_SEARCH_USER_PATHS = NO;
				CLANG_CXX_LANGUAGE_STANDARD = "gnu++0x";
				CLANG_CXX_LIBRARY = "libc++";
				CLANG_ENABLE_MODULES = YES;
				CLANG_ENABLE_OBJC_ARC = YES;
				CLANG_WARN_BOOL_CONVERSION = YES;
				CLANG_WARN_CONSTANT_CONVERSION = YES;
				CLANG_WARN_DIRECT_OBJC_ISA_USAGE = YES_ERROR;
				CLANG_WARN_EMPTY_BODY = YES;
				CLANG_WARN_ENUM_CONVERSION = YES;
				CLANG_WARN_INT_CONVERSION = YES;
				CLANG_WARN_OBJC_ROOT_CLASS = YES_ERROR;
				CLANG_WARN_UNREACHABLE_CODE = YES;
				CLANG_WARN__DUPLICATE_METHOD_MATCH = YES;
				"CODE_SIGN_IDENTITY[sdk=iphoneos*]" = "iPhone Developer";
				COPY_PHASE_STRIP = NO;
				ENABLE_STRICT_OBJC_MSGSEND = YES;
				GCC_C_LANGUAGE_STANDARD = gnu99;
				GCC_DYNAMIC_NO_PIC = NO;
				GCC_OPTIMIZATION_LEVEL = 0;
				GCC_PREPROCESSOR_DEFINITIONS = (
					"DEBUG=1",
					"$(inherited)",
				);
				GCC_SYMBOLS_PRIVATE_EXTERN = NO;
				GCC_WARN_64_TO_32_BIT_CONVERSION = YES;
				GCC_WARN_ABOUT_RETURN_TYPE = YES_ERROR;
				GCC_WARN_UNDECLARED_SELECTOR = YES;
				GCC_WARN_UNINITIALIZED_AUTOS = YES_AGGRESSIVE;
				GCC_WARN_UNUSED_FUNCTION = YES;
				GCC_WARN_UNUSED_VARIABLE = YES;
				IPHONEOS_DEPLOYMENT_TARGET = 8.1;
				MTL_ENABLE_DEBUG_INFO = YES;
				ONLY_ACTIVE_ARCH = YES;
				SDKROOT = iphoneos;
				TARGETED_DEVICE_FAMILY = "1,2";
			};
			name = Debug;
		};
		6F0898F31A9A58F000A5D620 /* Release */ = {
			isa = XCBuildConfiguration;
			buildSettings = {
				ALWAYS_SEARCH_USER_PATHS = NO;
				CLANG_CXX_LANGUAGE_STANDARD = "gnu++0x";
				CLANG_CXX_LIBRARY = "libc++";
				CLANG_ENABLE_MODULES = YES;
				CLANG_ENABLE_OBJC_ARC = YES;
				CLANG_WARN_BOOL_CONVERSION = YES;
				CLANG_WARN_CONSTANT_CONVERSION = YES;
				CLANG_WARN_DIRECT_OBJC_ISA_USAGE = YES_ERROR;
				CLANG_WARN_EMPTY_BODY = YES;
				CLANG_WARN_ENUM_CONVERSION = YES;
				CLANG_WARN_INT_CONVERSION = YES;
				CLANG_WARN_OBJC_ROOT_CLASS = YES_ERROR;
				CLANG_WARN_UNREACHABLE_CODE = YES;
				CLANG_WARN__DUPLICATE_METHOD_MATCH = YES;
				"CODE_SIGN_IDENTITY[sdk=iphoneos*]" = "iPhone Developer";
				COPY_PHASE_STRIP = YES;
				ENABLE_NS_ASSERTIONS = NO;
				ENABLE_STRICT_OBJC_MSGSEND = YES;
				GCC_C_LANGUAGE_STANDARD = gnu99;
				GCC_WARN_64_TO_32_BIT_CONVERSION = YES;
				GCC_WARN_ABOUT_RETURN_TYPE = YES_ERROR;
				GCC_WARN_UNDECLARED_SELECTOR = YES;
				GCC_WARN_UNINITIALIZED_AUTOS = YES_AGGRESSIVE;
				GCC_WARN_UNUSED_FUNCTION = YES;
				GCC_WARN_UNUSED_VARIABLE = YES;
				IPHONEOS_DEPLOYMENT_TARGET = 8.1;
				MTL_ENABLE_DEBUG_INFO = NO;
				SDKROOT = iphoneos;
				TARGETED_DEVICE_FAMILY = "1,2";
				VALIDATE_PRODUCT = YES;
			};
			name = Release;
		};
		6F0898F51A9A58F000A5D620 /* Debug */ = {
			isa = XCBuildConfiguration;
			buildSettings = {
				ASSETCATALOG_COMPILER_APPICON_NAME = AppIcon;
				INFOPLIST_FILE = StackOverflowIOSApp/Info.plist;
				LD_RUNPATH_SEARCH_PATHS = "$(inherited) @executable_path/Frameworks";
				PRODUCT_NAME = "$(TARGET_NAME)";
			};
			name = Debug;
		};
		6F0898F61A9A58F000A5D620 /* Release */ = {
			isa = XCBuildConfiguration;
			buildSettings = {
				ASSETCATALOG_COMPILER_APPICON_NAME = AppIcon;
				INFOPLIST_FILE = StackOverflowIOSApp/Info.plist;
				LD_RUNPATH_SEARCH_PATHS = "$(inherited) @executable_path/Frameworks";
				PRODUCT_NAME = "$(TARGET_NAME)";
			};
			name = Release;
		};
		6F0898F81A9A58F000A5D620 /* Debug */ = {
			isa = XCBuildConfiguration;
			buildSettings = {
				BUNDLE_LOADER = "$(TEST_HOST)";
				FRAMEWORK_SEARCH_PATHS = (
					"$(SDKROOT)/Developer/Library/Frameworks",
					"$(inherited)",
				);
				GCC_PREPROCESSOR_DEFINITIONS = (
					"DEBUG=1",
					"$(inherited)",
				);
				INFOPLIST_FILE = StackOverflowIOSAppTests/Info.plist;
				LD_RUNPATH_SEARCH_PATHS = "$(inherited) @executable_path/Frameworks @loader_path/Frameworks";
				PRODUCT_NAME = "$(TARGET_NAME)";
				TEST_HOST = "$(BUILT_PRODUCTS_DIR)/StackOverflowIOSApp.app/StackOverflowIOSApp";
			};
			name = Debug;
		};
		6F0898F91A9A58F000A5D620 /* Release */ = {
			isa = XCBuildConfiguration;
			buildSettings = {
				BUNDLE_LOADER = "$(TEST_HOST)";
				FRAMEWORK_SEARCH_PATHS = (
					"$(SDKROOT)/Developer/Library/Frameworks",
					"$(inherited)",
				);
				INFOPLIST_FILE = StackOverflowIOSAppTests/Info.plist;
				LD_RUNPATH_SEARCH_PATHS = "$(inherited) @executable_path/Frameworks @loader_path/Frameworks";
				PRODUCT_NAME = "$(TARGET_NAME)";
				TEST_HOST = "$(BUILT_PRODUCTS_DIR)/StackOverflowIOSApp.app/StackOverflowIOSApp";
			};
			name = Release;
		};
/* End XCBuildConfiguration section */

/* Begin XCConfigurationList section */
		6F0898CC1A9A58F000A5D620 /* Build configuration list for PBXProject "StackOverflowIOSApp" */ = {
			isa = XCConfigurationList;
			buildConfigurations = (
				6F0898F21A9A58F000A5D620 /* Debug */,
				6F0898F31A9A58F000A5D620 /* Release */,
			);
			defaultConfigurationIsVisible = 0;
			defaultConfigurationName = Release;
		};
		6F0898F41A9A58F000A5D620 /* Build configuration list for PBXNativeTarget "StackOverflowIOSApp" */ = {
			isa = XCConfigurationList;
			buildConfigurations = (
				6F0898F51A9A58F000A5D620 /* Debug */,
				6F0898F61A9A58F000A5D620 /* Release */,
			);
			defaultConfigurationIsVisible = 0;
		};
		6F0898F71A9A58F000A5D620 /* Build configuration list for PBXNativeTarget "StackOverflowIOSAppTests" */ = {
			isa = XCConfigurationList;
			buildConfigurations = (
				6F0898F81A9A58F000A5D620 /* Debug */,
				6F0898F91A9A58F000A5D620 /* Release */,
			);
			defaultConfigurationIsVisible = 0;
		};
/* End XCConfigurationList section */
	};
	rootObject = 6F0898C91A9A58F000A5D620 /* Project object */;
}
